
Microsoft Visual Studio Solution File, Format Version 12.00
# Visual Studio Version 16
VisualStudioVersion = 16.0.29519.87
MinimumVisualStudioVersion = 10.0.40219.1
Project("{9A19103F-16F7-4668-BE54-9A1E7A4F7556}") = "ConnectMedia", "ConnectMedia\ConnectMedia.csproj", "{2AC43262-64F4-4314-845C-6D7EFAF2591B}"
EndProject
Project("{9A19103F-16F7-4668-BE54-9A1E7A4F7556}") = "ConnectMedia.Common", "ConnectMedia.Common\ConnectMedia.Common.csproj", "{F381F974-BB5E-459F-BB0E-9449026EEDB4}"
EndProject
Project("{9A19103F-16F7-4668-BE54-9A1E7A4F7556}") = "ConnectMedia.Services", "ConnectMedia.Services\ConnectMedia.Services.csproj", "{30957E57-442C-4114-9136-A8C79DBC7A42}"
EndProject
Project("{9A19103F-16F7-4668-BE54-9A1E7A4F7556}") = "ConnectMedia.Repository", "ConnectMedia.Repository\ConnectMedia.Repository.csproj", "{57B46672-36B1-446D-B395-149C8CF8C1B4}"
EndProject
Global
	GlobalSection(SolutionConfigurationPlatforms) = preSolution
		Debug|Any CPU = Debug|Any CPU
		Release|Any CPU = Release|Any CPU
	EndGlobalSection
	GlobalSection(ProjectConfigurationPlatforms) = postSolution
		{2AC43262-64F4-4314-845C-6D7EFAF2591B}.Debug|Any CPU.ActiveCfg = Debug|Any CPU
		{2AC43262-64F4-4314-845C-6D7EFAF2591B}.Debug|Any CPU.Build.0 = Debug|Any CPU
		{2AC43262-64F4-4314-845C-6D7EFAF2591B}.Release|Any CPU.ActiveCfg = Release|Any CPU
		{2AC43262-64F4-4314-845C-6D7EFAF2591B}.Release|Any CPU.Build.0 = Release|Any CPU
		{F381F974-BB5E-459F-BB0E-9449026EEDB4}.Debug|Any CPU.ActiveCfg = Debug|Any CPU
		{F381F974-BB5E-459F-BB0E-9449026EEDB4}.Debug|Any CPU.Build.0 = Debug|Any CPU
		{F381F974-BB5E-459F-BB0E-9449026EEDB4}.Release|Any CPU.ActiveCfg = Release|Any CPU
		{F381F974-BB5E-459F-BB0E-9449026EEDB4}.Release|Any CPU.Build.0 = Release|Any CPU
		{30957E57-442C-4114-9136-A8C79DBC7A42}.Debug|Any CPU.ActiveCfg = Debug|Any CPU
		{30957E57-442C-4114-9136-A8C79DBC7A42}.Debug|Any CPU.Build.0 = Debug|Any CPU
		{30957E57-442C-4114-9136-A8C79DBC7A42}.Release|Any CPU.ActiveCfg = Release|Any CPU
		{30957E57-442C-4114-9136-A8C79DBC7A42}.Release|Any CPU.Build.0 = Release|Any CPU
		{57B46672-36B1-446D-B395-149C8CF8C1B4}.Debug|Any CPU.ActiveCfg = Debug|Any CPU
		{57B46672-36B1-446D-B395-149C8CF8C1B4}.Debug|Any CPU.Build.0 = Debug|Any CPU
		{57B46672-36B1-446D-B395-149C8CF8C1B4}.Release|Any CPU.ActiveCfg = Release|Any CPU
		{57B46672-36B1-446D-B395-149C8CF8C1B4}.Release|Any CPU.Build.0 = Release|Any CPU
	EndGlobalSection
	GlobalSection(SolutionProperties) = preSolution
		HideSolutionNode = FALSE
	EndGlobalSection
	GlobalSection(ExtensibilityGlobals) = postSolution
		SolutionGuid = {DCBE1166-9246-4C46-BADE-1327B5750E7B}
	EndGlobalSection
EndGlobal
